Microsoft Visual Studio Solution File, Format Version 12.00
# Visual Studio Version 17
VisualStudioVersion = 17.5.33209.295
MinimumVisualStudioVersion = 15.0.26124.0
Project("{2150E333-8FDC-42A3-9474-1A3956D46DE8}") = "Solution Items", "Solution Items", "{86D00525-7428-4DD7-914D-0A10D5C53EDE}"
	ProjectSection(SolutionItems) = preProject
		.editorconfig = .editorconfig
	EndProjectSection
EndProject
Project("{9A19103F-16F7-4668-BE54-9A1E7A4F7556}") = "Argon.QueryBuilder.Benchmarks", "Argon.QueryBuilder.Benchmarks\Argon.QueryBuilder.Benchmarks.csproj", "{F451CF3E-B077-4CE7-AD08-7F2F49603249}"
EndProject
Project("{2150E333-8FDC-42A3-9474-1A3956D46DE8}") = "src", "src", "{29EE9119-7BE3-4357-A1DB-4EB4C2E26B13}"
EndProject
Project("{2150E333-8FDC-42A3-9474-1A3956D46DE8}") = "test", "test", "{ED4CEFC3-0821-41E7-AC8B-22D65E634C5C}"
EndProject
Project("{9A19103F-16F7-4668-BE54-9A1E7A4F7556}") = "Argon.QueryBuilder.Npgsql", "src\Argon.QueryBuilder.Npgsql\Argon.QueryBuilder.Npgsql.csproj", "{0ECC6778-6A8C-42AA-BA22-CDA91806CC88}"
EndProject
Project("{9A19103F-16F7-4668-BE54-9A1E7A4F7556}") = "Argon.QueryBuilder.Npgsql.Tests", "test\Argon.QueryBuilder.Npgsql.Tests\Argon.QueryBuilder.Npgsql.Tests.csproj", "{20C52311-6AC0-4BD2-8E02-224E17CEC517}"
EndProject
Project("{9A19103F-16F7-4668-BE54-9A1E7A4F7556}") = "Argon.QueryBuilder.Tests", "test\Argon.QueryBuilder.Tests\Argon.QueryBuilder.Tests.csproj", "{89A4F4FB-D4D4-4E6C-B19D-7077AFB97EA7}"
EndProject
Project("{9A19103F-16F7-4668-BE54-9A1E7A4F7556}") = "Argon.QueryBuilder.MySql.Tests", "test\Argon.QueryBuilder.MySql.Tests\Argon.QueryBuilder.MySql.Tests.csproj", "{621C178A-5EF0-470B-9DFB-DEB44260CA3F}"
EndProject
Project("{9A19103F-16F7-4668-BE54-9A1E7A4F7556}") = "Argon.QueryBuilder.MySql", "src\Argon.QueryBuilder.MySql\Argon.QueryBuilder.MySql.csproj", "{3F889959-9E34-4DC2-8A16-197476835716}"
EndProject
Project("{9A19103F-16F7-4668-BE54-9A1E7A4F7556}") = "Argon.QueryBuilder", "src\Argon.QueryBuilder\Argon.QueryBuilder.csproj", "{5251045F-3A2D-4EA3-9A94-E73B64A5B737}"
EndProject
Global
	GlobalSection(SolutionConfigurationPlatforms) = preSolution
		Debug|Any CPU = Debug|Any CPU
		Release|Any CPU = Release|Any CPU
	EndGlobalSection
	GlobalSection(ProjectConfigurationPlatforms) = postSolution
		{F451CF3E-B077-4CE7-AD08-7F2F49603249}.Debug|Any CPU.ActiveCfg = Debug|Any CPU
		{F451CF3E-B077-4CE7-AD08-7F2F49603249}.Debug|Any CPU.Build.0 = Debug|Any CPU
		{F451CF3E-B077-4CE7-AD08-7F2F49603249}.Release|Any CPU.ActiveCfg = Release|Any CPU
		{F451CF3E-B077-4CE7-AD08-7F2F49603249}.Release|Any CPU.Build.0 = Release|Any CPU
		{0ECC6778-6A8C-42AA-BA22-CDA91806CC88}.Debug|Any CPU.ActiveCfg = Debug|Any CPU
		{0ECC6778-6A8C-42AA-BA22-CDA91806CC88}.Debug|Any CPU.Build.0 = Debug|Any CPU
		{0ECC6778-6A8C-42AA-BA22-CDA91806CC88}.Release|Any CPU.ActiveCfg = Release|Any CPU
		{0ECC6778-6A8C-42AA-BA22-CDA91806CC88}.Release|Any CPU.Build.0 = Release|Any CPU
		{20C52311-6AC0-4BD2-8E02-224E17CEC517}.Debug|Any CPU.ActiveCfg = Debug|Any CPU
		{20C52311-6AC0-4BD2-8E02-224E17CEC517}.Debug|Any CPU.Build.0 = Debug|Any CPU
		{20C52311-6AC0-4BD2-8E02-224E17CEC517}.Release|Any CPU.ActiveCfg = Release|Any CPU
		{20C52311-6AC0-4BD2-8E02-224E17CEC517}.Release|Any CPU.Build.0 = Release|Any CPU
		{89A4F4FB-D4D4-4E6C-B19D-7077AFB97EA7}.Debug|Any CPU.ActiveCfg = Debug|Any CPU
		{89A4F4FB-D4D4-4E6C-B19D-7077AFB97EA7}.Debug|Any CPU.Build.0 = Debug|Any CPU
		{89A4F4FB-D4D4-4E6C-B19D-7077AFB97EA7}.Release|Any CPU.ActiveCfg = Release|Any CPU
		{89A4F4FB-D4D4-4E6C-B19D-7077AFB97EA7}.Release|Any CPU.Build.0 = Release|Any CPU
		{621C178A-5EF0-470B-9DFB-DEB44260CA3F}.Debug|Any CPU.ActiveCfg = Debug|Any CPU
		{621C178A-5EF0-470B-9DFB-DEB44260CA3F}.Debug|Any CPU.Build.0 = Debug|Any CPU
		{621C178A-5EF0-470B-9DFB-DEB44260CA3F}.Release|Any CPU.ActiveCfg = Release|Any CPU
		{621C178A-5EF0-470B-9DFB-DEB44260CA3F}.Release|Any CPU.Build.0 = Release|Any CPU
		{3F889959-9E34-4DC2-8A16-197476835716}.Debug|Any CPU.ActiveCfg = Debug|Any CPU
		{3F889959-9E34-4DC2-8A16-197476835716}.Debug|Any CPU.Build.0 = Debug|Any CPU
		{3F889959-9E34-4DC2-8A16-197476835716}.Release|Any CPU.ActiveCfg = Release|Any CPU
		{3F889959-9E34-4DC2-8A16-197476835716}.Release|Any CPU.Build.0 = Release|Any CPU
		{5251045F-3A2D-4EA3-9A94-E73B64A5B737}.Debug|Any CPU.ActiveCfg = Debug|Any CPU
		{5251045F-3A2D-4EA3-9A94-E73B64A5B737}.Debug|Any CPU.Build.0 = Debug|Any CPU
		{5251045F-3A2D-4EA3-9A94-E73B64A5B737}.Release|Any CPU.ActiveCfg = Release|Any CPU
		{5251045F-3A2D-4EA3-9A94-E73B64A5B737}.Release|Any CPU.Build.0 = Release|Any CPU
	EndGlobalSection
	GlobalSection(SolutionProperties) = preSolution
		HideSolutionNode = FALSE
	EndGlobalSection
	GlobalSection(NestedProjects) = preSolution
		{0ECC6778-6A8C-42AA-BA22-CDA91806CC88} = {29EE9119-7BE3-4357-A1DB-4EB4C2E26B13}
		{20C52311-6AC0-4BD2-8E02-224E17CEC517} = {ED4CEFC3-0821-41E7-AC8B-22D65E634C5C}
		{89A4F4FB-D4D4-4E6C-B19D-7077AFB97EA7} = {ED4CEFC3-0821-41E7-AC8B-22D65E634C5C}
		{621C178A-5EF0-470B-9DFB-DEB44260CA3F} = {ED4CEFC3-0821-41E7-AC8B-22D65E634C5C}
		{3F889959-9E34-4DC2-8A16-197476835716} = {29EE9119-7BE3-4357-A1DB-4EB4C2E26B13}
		{5251045F-3A2D-4EA3-9A94-E73B64A5B737} = {29EE9119-7BE3-4357-A1DB-4EB4C2E26B13}
	EndGlobalSection
	GlobalSection(ExtensibilityGlobals) = postSolution
		SolutionGuid = {8FFC834B-6CAA-409C-8E6A-43D4FB187669}
	EndGlobalSection
EndGlobal
